
Microsoft Visual Studio Solution File, Format Version 12.00
# Visual Studio Version 16
VisualStudioVersion = 16.0.30517.126
MinimumVisualStudioVersion = 10.0.40219.1
Project("{FAE04EC0-301F-11D3-BF4B-00C04F79EFBC}") = "apiPatternDDD.Application", "apiPatternDDD\apiPatternDDD.Application.csproj", "{B067A308-34DE-4F8A-95CC-B6ADF25E3ECB}"
EndProject
Project("{2150E333-8FDC-42A3-9474-1A3956D46DE8}") = "1 - Application", "1 - Application", "{59856D6B-42FB-4F50-BC9A-76110A7C148A}"
EndProject
Project("{2150E333-8FDC-42A3-9474-1A3956D46DE8}") = "2 - Domain", "2 - Domain", "{20F1970C-3CEE-41AD-A741-B2C3D811A9E0}"
EndProject
Project("{2150E333-8FDC-42A3-9474-1A3956D46DE8}") = "3 - Service", "3 - Service", "{9C53A7CA-1C07-4898-9DAC-439F00C4D265}"
EndProject
Project("{2150E333-8FDC-42A3-9474-1A3956D46DE8}") = "4 - Infra", "4 - Infra", "{8CAA8A50-4AF8-4E82-B15E-1131BC6E023D}"
EndProject
Project("{2150E333-8FDC-42A3-9474-1A3956D46DE8}") = "4.1 - Data", "4.1 - Data", "{1ECDAF66-773F-4A88-BB30-F03BC72E4DEC}"
EndProject
Project("{2150E333-8FDC-42A3-9474-1A3956D46DE8}") = "4.2 - CrossCutting", "4.2 - CrossCutting", "{A9B393D8-D083-4F1C-9CE4-4B393183A7FA}"
EndProject
Project("{FAE04EC0-301F-11D3-BF4B-00C04F79EFBC}") = "apiPatternDDD.Domain", "apiPatternDDD.Domain\apiPatternDDD.Domain.csproj", "{DBC0B939-753F-482D-BE16-5E20A42A491C}"
EndProject
Project("{FAE04EC0-301F-11D3-BF4B-00C04F79EFBC}") = "apiPatternDDD.Service", "apiPatternDDD.Service\apiPatternDDD.Service.csproj", "{26CA49CE-6782-4B11-9725-6E1F3BBABA8E}"
EndProject
Project("{FAE04EC0-301F-11D3-BF4B-00C04F79EFBC}") = "apiPatternDDD.Infra.Data", "apiPatternDDD.Infra.Data\apiPatternDDD.Infra.Data.csproj", "{589A3225-99B5-42AE-9FD0-CAAC00918DAB}"
EndProject
Project("{FAE04EC0-301F-11D3-BF4B-00C04F79EFBC}") = "apiPatternDDD.Infra.CrossCutting", "apiPatternDDD.Infra.CrossCutting\apiPatternDDD.Infra.CrossCutting.csproj", "{14436A00-DCA5-4287-A300-A2FE65ED3946}"
EndProject
Global
	GlobalSection(SolutionConfigurationPlatforms) = preSolution
		Debug|Any CPU = Debug|Any CPU
		Release|Any CPU = Release|Any CPU
	EndGlobalSection
	GlobalSection(ProjectConfigurationPlatforms) = postSolution
		{B067A308-34DE-4F8A-95CC-B6ADF25E3ECB}.Debug|Any CPU.ActiveCfg = Debug|Any CPU
		{B067A308-34DE-4F8A-95CC-B6ADF25E3ECB}.Debug|Any CPU.Build.0 = Debug|Any CPU
		{B067A308-34DE-4F8A-95CC-B6ADF25E3ECB}.Release|Any CPU.ActiveCfg = Release|Any CPU
		{B067A308-34DE-4F8A-95CC-B6ADF25E3ECB}.Release|Any CPU.Build.0 = Release|Any CPU
		{DBC0B939-753F-482D-BE16-5E20A42A491C}.Debug|Any CPU.ActiveCfg = Debug|Any CPU
		{DBC0B939-753F-482D-BE16-5E20A42A491C}.Debug|Any CPU.Build.0 = Debug|Any CPU
		{DBC0B939-753F-482D-BE16-5E20A42A491C}.Release|Any CPU.ActiveCfg = Release|Any CPU
		{DBC0B939-753F-482D-BE16-5E20A42A491C}.Release|Any CPU.Build.0 = Release|Any CPU
		{26CA49CE-6782-4B11-9725-6E1F3BBABA8E}.Debug|Any CPU.ActiveCfg = Debug|Any CPU
		{26CA49CE-6782-4B11-9725-6E1F3BBABA8E}.Debug|Any CPU.Build.0 = Debug|Any CPU
		{26CA49CE-6782-4B11-9725-6E1F3BBABA8E}.Release|Any CPU.ActiveCfg = Release|Any CPU
		{26CA49CE-6782-4B11-9725-6E1F3BBABA8E}.Release|Any CPU.Build.0 = Release|Any CPU
		{589A3225-99B5-42AE-9FD0-CAAC00918DAB}.Debug|Any CPU.ActiveCfg = Debug|Any CPU
		{589A3225-99B5-42AE-9FD0-CAAC00918DAB}.Debug|Any CPU.Build.0 = Debug|Any CPU
		{589A3225-99B5-42AE-9FD0-CAAC00918DAB}.Release|Any CPU.ActiveCfg = Release|Any CPU
		{589A3225-99B5-42AE-9FD0-CAAC00918DAB}.Release|Any CPU.Build.0 = Release|Any CPU
		{14436A00-DCA5-4287-A300-A2FE65ED3946}.Debug|Any CPU.ActiveCfg = Debug|Any CPU
		{14436A00-DCA5-4287-A300-A2FE65ED3946}.Debug|Any CPU.Build.0 = Debug|Any CPU
		{14436A00-DCA5-4287-A300-A2FE65ED3946}.Release|Any CPU.ActiveCfg = Release|Any CPU
		{14436A00-DCA5-4287-A300-A2FE65ED3946}.Release|Any CPU.Build.0 = Release|Any CPU
	EndGlobalSection
	GlobalSection(SolutionProperties) = preSolution
		HideSolutionNode = FALSE
	EndGlobalSection
	GlobalSection(NestedProjects) = preSolution
		{B067A308-34DE-4F8A-95CC-B6ADF25E3ECB} = {59856D6B-42FB-4F50-BC9A-76110A7C148A}
		{1ECDAF66-773F-4A88-BB30-F03BC72E4DEC} = {8CAA8A50-4AF8-4E82-B15E-1131BC6E023D}
		{A9B393D8-D083-4F1C-9CE4-4B393183A7FA} = {8CAA8A50-4AF8-4E82-B15E-1131BC6E023D}
		{DBC0B939-753F-482D-BE16-5E20A42A491C} = {20F1970C-3CEE-41AD-A741-B2C3D811A9E0}
		{26CA49CE-6782-4B11-9725-6E1F3BBABA8E} = {9C53A7CA-1C07-4898-9DAC-439F00C4D265}
		{589A3225-99B5-42AE-9FD0-CAAC00918DAB} = {1ECDAF66-773F-4A88-BB30-F03BC72E4DEC}
		{14436A00-DCA5-4287-A300-A2FE65ED3946} = {A9B393D8-D083-4F1C-9CE4-4B393183A7FA}
	EndGlobalSection
	GlobalSection(ExtensibilityGlobals) = postSolution
		SolutionGuid = {EA37ABA2-79F3-448B-9648-D1A7F304E6AE}
	EndGlobalSection
EndGlobal
